
Microsoft Visual Studio Solution File, Format Version 12.00
# Visual Studio Version 16
VisualStudioVersion = 16.0.31624.102
MinimumVisualStudioVersion = 10.0.40219.1
Project("{FAE04EC0-301F-11D3-BF4B-00C04F79EFBC}") = "MLiraACP2_2", "MLiraACP2_2\MLiraACP2_2.csproj", "{94D79610-77A1-4BF5-9AF1-C55EBFF43AF3}"
EndProject
Global
	GlobalSection(SolutionConfigurationPlatforms) = preSolution
		Debug|Any CPU = Debug|Any CPU
		Release|Any CPU = Release|Any CPU
	EndGlobalSection
	GlobalSection(ProjectConfigurationPlatforms) = postSolution
		{94D79610-77A1-4BF5-9AF1-C55EBFF43AF3}.Debug|Any CPU.ActiveCfg = Debug|Any CPU
		{94D79610-77A1-4BF5-9AF1-C55EBFF43AF3}.Debug|Any CPU.Build.0 = Debug|Any CPU
		{94D79610-77A1-4BF5-9AF1-C55EBFF43AF3}.Release|Any CPU.ActiveCfg = Release|Any CPU
		{94D79610-77A1-4BF5-9AF1-C55EBFF43AF3}.Release|Any CPU.Build.0 = Release|Any CPU
	EndGlobalSection
	GlobalSection(SolutionProperties) = preSolution
		HideSolutionNode = FALSE
	EndGlobalSection
	GlobalSection(ExtensibilityGlobals) = postSolution
		SolutionGuid = {C94AF9DD-6560-4C66-8E07-A408E6888425}
	EndGlobalSection
EndGlobal
